# This file was autogenerated by Stack.
# You should not edit this file by hand.
# For more information, please see the documentation at:
#   https://docs.haskellstack.org/en/stable/lock_files

packages:
- completed:
    hackage: haxl-2.3.0.0@sha256:4c9a7371a2c21df910628d582776cf52db72bcd6c808daa02823be0ab06f1eb9,3974
    pantry-tree:
      size: 3076
      sha256: 2da38564de7cda18d12923fef2fd279c7072a7dbd6ee13a4dfea7f347eb50c8c
  original:
    hackage: haxl-2.3.0.0@sha256:4c9a7371a2c21df910628d582776cf52db72bcd6c808daa02823be0ab06f1eb9,3974
- completed:
    hackage: tz-0.1.3.6@sha256:feed7934d01620c02a02d112fbca4faadedd36e83b06f5ef7562388dd1a08a57,4819
    pantry-tree:
      size: 1179
      sha256: 031d3b854eb08f1c0cebac5958fc7d1e901160f540659c25e2cd232381e874ea
  original:
    hackage: tz-0.1.3.6@sha256:feed7934d01620c02a02d112fbca4faadedd36e83b06f5ef7562388dd1a08a57,4819
- completed:
    hackage: unordered-containers-0.2.19.1@sha256:db11042bb0356c0adea277d0794743829125b4c99455af6af2bd5f7bd5e88a39,3797
    pantry-tree:
      size: 1517
      sha256: ac7a077274515b8afdf98138177b2fd2293c8bb346c5ec5caf2c5999da495112
  original:
    hackage: unordered-containers-0.2.19.1@sha256:db11042bb0356c0adea277d0794743829125b4c99455af6af2bd5f7bd5e88a39,3797
- completed:
    hackage: HDBC-2.4.0.3@sha256:99d3de808f53271afb0a8c31adfc99c7ef94f28355aba58bb0c9dffd4376296f,2998
    pantry-tree:
      size: 1004
      sha256: 4a151afa92d9d77a85b5d05583b93744bbec353b995a07daf4a4739211ced292
  original:
    hackage: HDBC-2.4.0.3
- completed:
    name: hdbc-clickhouse
    version: 0.0.1.0
    git: https://github.com/zaneli/hdbc-clickhouse
    pantry-tree:
      size: 2445
      sha256: c6dbffed878162d3b68181a4ff8334a5d6890a4935bd9591890f6efaa713f518
    commit: 7d35797817d9cfea95ccf995e6b0af075af9aeb9
  original:
    git: https://github.com/zaneli/hdbc-clickhouse
    commit: 7d35797817d9cfea95ccf995e6b0af075af9aeb9
snapshots:
- completed:
    size: 534126
    url: https://raw.githubusercontent.com/commercialhaskell/stackage-snapshots/master/lts/16/31.yaml
    sha256: 637fb77049b25560622a224845b7acfe81a09fdb6a96a3c75997a10b651667f6
  original: lts-16.31
